
Microsoft Visual Studio Solution File, Format Version 12.00
# Visual Studio Version 17
VisualStudioVersion = 17.8.34525.116
MinimumVisualStudioVersion = 10.0.40219.1
Project("{FAE04EC0-301F-11D3-BF4B-00C04F79EFBC}") = "ModbusExample", "ModbusExample\ModbusExample.csproj", "{490FD415-D9DB-49CA-A0ED-26000650D668}"
EndProject
Global
	GlobalSection(SolutionConfigurationPlatforms) = preSolution
		Debug|Any CPU = Debug|Any CPU
		Release|Any CPU = Release|Any CPU
	EndGlobalSection
	GlobalSection(ProjectConfigurationPlatforms) = postSolution
		{490FD415-D9DB-49CA-A0ED-26000650D668}.Debug|Any CPU.ActiveCfg = Debug|Any CPU
		{490FD415-D9DB-49CA-A0ED-26000650D668}.Debug|Any CPU.Build.0 = Debug|Any CPU
		{490FD415-D9DB-49CA-A0ED-26000650D668}.Release|Any CPU.ActiveCfg = Release|Any CPU
		{490FD415-D9DB-49CA-A0ED-26000650D668}.Release|Any CPU.Build.0 = Release|Any CPU
	EndGlobalSection
	GlobalSection(SolutionProperties) = preSolution
		HideSolutionNode = FALSE
	EndGlobalSection
	GlobalSection(ExtensibilityGlobals) = postSolution
		SolutionGuid = {079AEEFF-A4CD-4949-B0D1-6392CDA161BE}
	EndGlobalSection
EndGlobal
